
Microsoft Visual Studio Solution File, Format Version 12.00
# Visual Studio 15
VisualStudioVersion = 15.0.27428.2002
MinimumVisualStudioVersion = 10.0.40219.1
Project("{FAE04EC0-301F-11D3-BF4B-00C04F79EFBC}") = "BudgetX.Android", "BudgetX\BudgetX.Android\BudgetX.Android.csproj", "{42E127EF-1D12-45D3-B20D-5CC8012E456E}"
EndProject
Project("{FAE04EC0-301F-11D3-BF4B-00C04F79EFBC}") = "BudgetX.UWP", "BudgetX\BudgetX.UWP\BudgetX.UWP.csproj", "{FE84360F-1F19-4505-A79F-03EF824C2734}"
EndProject
Project("{FAE04EC0-301F-11D3-BF4B-00C04F79EFBC}") = "BudgetX", "BudgetX\BudgetX\BudgetX.csproj", "{28892E36-0FE7-4FC6-ABB5-1DB09F55E1A0}"
EndProject
Global
	GlobalSection(SolutionConfigurationPlatforms) = preSolution
		Debug|Any CPU = Debug|Any CPU
		Debug|ARM = Debug|ARM
		Debug|x64 = Debug|x64
		Debug|x86 = Debug|x86
		Release|Any CPU = Release|Any CPU
		Release|ARM = Release|ARM
		Release|x64 = Release|x64
		Release|x86 = Release|x86
	EndGlobalSection
	GlobalSection(ProjectConfigurationPlatforms) = postSolution
		{42E127EF-1D12-45D3-B20D-5CC8012E456E}.Debug|Any CPU.ActiveCfg = Debug|Any CPU
		{42E127EF-1D12-45D3-B20D-5CC8012E456E}.Debug|Any CPU.Build.0 = Debug|Any CPU
		{42E127EF-1D12-45D3-B20D-5CC8012E456E}.Debug|Any CPU.Deploy.0 = Debug|Any CPU
		{42E127EF-1D12-45D3-B20D-5CC8012E456E}.Debug|ARM.ActiveCfg = Debug|Any CPU
		{42E127EF-1D12-45D3-B20D-5CC8012E456E}.Debug|ARM.Build.0 = Debug|Any CPU
		{42E127EF-1D12-45D3-B20D-5CC8012E456E}.Debug|ARM.Deploy.0 = Debug|Any CPU
		{42E127EF-1D12-45D3-B20D-5CC8012E456E}.Debug|x64.ActiveCfg = Debug|Any CPU
		{42E127EF-1D12-45D3-B20D-5CC8012E456E}.Debug|x64.Build.0 = Debug|Any CPU
		{42E127EF-1D12-45D3-B20D-5CC8012E456E}.Debug|x64.Deploy.0 = Debug|Any CPU
		{42E127EF-1D12-45D3-B20D-5CC8012E456E}.Debug|x86.ActiveCfg = Debug|Any CPU
		{42E127EF-1D12-45D3-B20D-5CC8012E456E}.Debug|x86.Build.0 = Debug|Any CPU
		{42E127EF-1D12-45D3-B20D-5CC8012E456E}.Debug|x86.Deploy.0 = Debug|Any CPU
		{42E127EF-1D12-45D3-B20D-5CC8012E456E}.Release|Any CPU.ActiveCfg = Release|Any CPU
		{42E127EF-1D12-45D3-B20D-5CC8012E456E}.Release|Any CPU.Build.0 = Release|Any CPU
		{42E127EF-1D12-45D3-B20D-5CC8012E456E}.Release|Any CPU.Deploy.0 = Release|Any CPU
		{42E127EF-1D12-45D3-B20D-5CC8012E456E}.Release|ARM.ActiveCfg = Release|Any CPU
		{42E127EF-1D12-45D3-B20D-5CC8012E456E}.Release|ARM.Build.0 = Release|Any CPU
		{42E127EF-1D12-45D3-B20D-5CC8012E456E}.Release|ARM.Deploy.0 = Release|Any CPU
		{42E127EF-1D12-45D3-B20D-5CC8012E456E}.Release|x64.ActiveCfg = Release|Any CPU
		{42E127EF-1D12-45D3-B20D-5CC8012E456E}.Release|x64.Build.0 = Release|Any CPU
		{42E127EF-1D12-45D3-B20D-5CC8012E456E}.Release|x64.Deploy.0 = Release|Any CPU
		{42E127EF-1D12-45D3-B20D-5CC8012E456E}.Release|x86.ActiveCfg = Release|Any CPU
		{42E127EF-1D12-45D3-B20D-5CC8012E456E}.Release|x86.Build.0 = Release|Any CPU
		{42E127EF-1D12-45D3-B20D-5CC8012E456E}.Release|x86.Deploy.0 = Release|Any CPU
		{FE84360F-1F19-4505-A79F-03EF824C2734}.Debug|Any CPU.ActiveCfg = Debug|x86
		{FE84360F-1F19-4505-A79F-03EF824C2734}.Debug|ARM.ActiveCfg = Debug|ARM
		{FE84360F-1F19-4505-A79F-03EF824C2734}.Debug|ARM.Build.0 = Debug|ARM
		{FE84360F-1F19-4505-A79F-03EF824C2734}.Debug|ARM.Deploy.0 = Debug|ARM
		{FE84360F-1F19-4505-A79F-03EF824C2734}.Debug|x64.ActiveCfg = Debug|x64
		{FE84360F-1F19-4505-A79F-03EF824C2734}.Debug|x64.Build.0 = Debug|x64
		{FE84360F-1F19-4505-A79F-03EF824C2734}.Debug|x64.Deploy.0 = Debug|x64
		{FE84360F-1F19-4505-A79F-03EF824C2734}.Debug|x86.ActiveCfg = Debug|x86
		{FE84360F-1F19-4505-A79F-03EF824C2734}.Debug|x86.Build.0 = Debug|x86
		{FE84360F-1F19-4505-A79F-03EF824C2734}.Debug|x86.Deploy.0 = Debug|x86
		{FE84360F-1F19-4505-A79F-03EF824C2734}.Release|Any CPU.ActiveCfg = Release|x86
		{FE84360F-1F19-4505-A79F-03EF824C2734}.Release|ARM.ActiveCfg = Release|ARM
		{FE84360F-1F19-4505-A79F-03EF824C2734}.Release|ARM.Build.0 = Release|ARM
		{FE84360F-1F19-4505-A79F-03EF824C2734}.Release|ARM.Deploy.0 = Release|ARM
		{FE84360F-1F19-4505-A79F-03EF824C2734}.Release|x64.ActiveCfg = Release|x64
		{FE84360F-1F19-4505-A79F-03EF824C2734}.Release|x64.Build.0 = Release|x64
		{FE84360F-1F19-4505-A79F-03EF824C2734}.Release|x64.Deploy.0 = Release|x64
		{FE84360F-1F19-4505-A79F-03EF824C2734}.Release|x86.ActiveCfg = Release|x86
		{FE84360F-1F19-4505-A79F-03EF824C2734}.Release|x86.Build.0 = Release|x86
		{FE84360F-1F19-4505-A79F-03EF824C2734}.Release|x86.Deploy.0 = Release|x86
		{28892E36-0FE7-4FC6-ABB5-1DB09F55E1A0}.Debug|Any CPU.ActiveCfg = Debug|Any CPU
		{28892E36-0FE7-4FC6-ABB5-1DB09F55E1A0}.Debug|Any CPU.Build.0 = Debug|Any CPU
		{28892E36-0FE7-4FC6-ABB5-1DB09F55E1A0}.Debug|ARM.ActiveCfg = Debug|Any CPU
		{28892E36-0FE7-4FC6-ABB5-1DB09F55E1A0}.Debug|ARM.Build.0 = Debug|Any CPU
		{28892E36-0FE7-4FC6-ABB5-1DB09F55E1A0}.Debug|x64.ActiveCfg = Debug|Any CPU
		{28892E36-0FE7-4FC6-ABB5-1DB09F55E1A0}.Debug|x64.Build.0 = Debug|Any CPU
		{28892E36-0FE7-4FC6-ABB5-1DB09F55E1A0}.Debug|x86.ActiveCfg = Debug|Any CPU
		{28892E36-0FE7-4FC6-ABB5-1DB09F55E1A0}.Debug|x86.Build.0 = Debug|Any CPU
		{28892E36-0FE7-4FC6-ABB5-1DB09F55E1A0}.Release|Any CPU.ActiveCfg = Release|Any CPU
		{28892E36-0FE7-4FC6-ABB5-1DB09F55E1A0}.Release|Any CPU.Build.0 = Release|Any CPU
		{28892E36-0FE7-4FC6-ABB5-1DB09F55E1A0}.Release|ARM.ActiveCfg = Release|Any CPU
		{28892E36-0FE7-4FC6-ABB5-1DB09F55E1A0}.Release|ARM.Build.0 = Release|Any CPU
		{28892E36-0FE7-4FC6-ABB5-1DB09F55E1A0}.Release|x64.ActiveCfg = Release|Any CPU
		{28892E36-0FE7-4FC6-ABB5-1DB09F55E1A0}.Release|x64.Build.0 = Release|Any CPU
		{28892E36-0FE7-4FC6-ABB5-1DB09F55E1A0}.Release|x86.ActiveCfg = Release|Any CPU
		{28892E36-0FE7-4FC6-ABB5-1DB09F55E1A0}.Release|x86.Build.0 = Release|Any CPU
	EndGlobalSection
	GlobalSection(SolutionProperties) = preSolution
		HideSolutionNode = FALSE
	EndGlobalSection
	GlobalSection(ExtensibilityGlobals) = postSolution
		SolutionGuid = {60F978D2-1E0C-4C78-A82A-861CC487444E}
	EndGlobalSection
EndGlobal
